{
  "lockfileVersion": 1,
  "workspaces": {
    "": {
      "name": "@alaq/nucl",
      "dependencies": {
        "es-toolkit": "^1.43.0",
      },
    },
  },
  "packages": {
    "es-toolkit": ["es-toolkit@1.43.0", "", {}, "sha512-SKCT8AsWvYzBBuUqMk4NPwFlSdqLpJwmy6AP322ERn8W2YLIB6JBXnwMI2Qsh2gfphT3q7EKAxKb23cvFHFwKA=="],
  }
}
